[{<<"eqwalizer_support">>,
  {git_subdir,"https://github.com/whatsapp/erlang-language-platform.git",
              {ref,"89672cf264101b1f54a578eea9ffd048762a640e"},
              "eqwalizer/eqwalizer_support"},
  0},
 {<<"errm_argon">>,
  {git,"https://github.com/h4rldev/errm-ARGON.git",
       {ref,"e93dadd237f424bfcd517ebde4360eceb091b7d8"}},
  0},
 {<<"errm_http">>,
  {git,"https://github.com/h4rldev/errm-HTTP.git",
       {ref,"903064122aeff4b9eea50ab43488da5d9f1789a1"}},
  0},
 {<<"errm_json">>,
  {git,"https://github.com/h4rldev/errm-JSON.git",
       {ref,"ee2a76eec9ae773b01badbe09f8a2e3f50eecc69"}},
  0},
 {<<"errm_jwt">>,
  {git,"https://github.com/h4rldev/errm-JWT.git",
       {ref,"1ec125319a845c5a3d53b3c3b592c78153e551c7"}},
  0},
 {<<"errm_sqlite">>,
  {git,"https://github.com/h4rldev/errm-SQLite.git",
       {ref,"42598c37a8745e9338611805ea64b413d3bd939b"}},
  0},
 {<<"errm_uuid">>,
  {git,"https://github.com/h4rldev/errm-UUID",
       {ref,"d72b1e7702fe1dd5f9e31da3213fb09dc5726566"}},
  1},
 {<<"errm_ws">>,
  {git,"https://github.com/h4rldev/errm-WS.git",
       {ref,"7148e4b8f81fe250b7d1d36c67a172b59162d547"}},
  0}].
