[{<<"eqwalizer_support">>,
  {git_subdir,"https://github.com/whatsapp/erlang-language-platform.git",
              {ref,"3fd5f68d09256e4e1a0baf1771e8171dddc2cc5f"},
              "eqwalizer/eqwalizer_support"},
  0},
 {<<"errm_argon">>,
  {git,"https://github.com/h4rldev/errm-ARGON.git",
       {ref,"483dd6e0bac033506733b5197989dbb4dea6bf67"}},
  0},
 {<<"errm_http">>,
  {git,"https://github.com/h4rldev/errm-HTTP.git",
       {ref,"a9c9d7a3f0071bb7bd775f3581990c800fe0f3fd"}},
  0},
 {<<"errm_json">>,
  {git,"https://github.com/h4rldev/errm-JSON.git",
       {ref,"ee2a76eec9ae773b01badbe09f8a2e3f50eecc69"}},
  0},
 {<<"errm_jwt">>,
  {git,"https://github.com/h4rldev/errm-JWT.git",
       {ref,"1ec125319a845c5a3d53b3c3b592c78153e551c7"}},
  0},
 {<<"errm_sqlite">>,
  {git,"https://github.com/h4rldev/errm-SQLite.git",
       {ref,"b849e80cf92cdd85ec4fc6dc4387995063c21ff5"}},
  0},
 {<<"errm_uuid">>,
  {git,"https://github.com/h4rldev/errm-UUID",
       {ref,"d72b1e7702fe1dd5f9e31da3213fb09dc5726566"}},
  1},
 {<<"errm_ws">>,
  {git,"https://github.com/h4rldev/errm-WS.git",
       {ref,"7148e4b8f81fe250b7d1d36c67a172b59162d547"}},
  0}].
